// !$*UTF8*$!
{
	archiveVersion = 1;
	classes = {
	};
	objectVersion = 46;
	objects = {

/* Begin PBXBuildFile section */
		1364B36B1BA804B400616A1D /* DetailViewController.m in Sources */ = {isa = PBXBuildFile; fileRef = 1364B36A1BA804B400616A1D /* DetailViewController.m */; };
		1364B36F1BA8F81F00616A1D /* InsideOut.jpg in Resources */ = {isa = PBXBuildFile; fileRef = 1364B36C1BA8F81F00616A1D /* InsideOut.jpg */; };
		1364B3701BA8F81F00616A1D /* Juon.jpg in Resources */ = {isa = PBXBuildFile; fileRef = 1364B36D1BA8F81F00616A1D /* Juon.jpg */; };
		1364B3711BA8F81F00616A1D /* Vacation.jpg in Resources */ = {isa = PBXBuildFile; fileRef = 1364B36E1BA8F81F00616A1D /* Vacation.jpg */; };
		1364B3731BA96E6100616A1D /* Robot.mp4 in Resources */ = {isa = PBXBuildFile; fileRef = 1364B3721BA96E6100616A1D /* Robot.mp4 */; };
		1364B3771BAA568200616A1D /* Ringtone.mp3 in Resources */ = {isa = PBXBuildFile; fileRef = 1364B3761BAA568200616A1D /* Ringtone.mp3 */; };
		1364B3791BAA570100616A1D /* kim.mp4 in Resources */ = {isa = PBXBuildFile; fileRef = 1364B3781BAA570100616A1D /* kim.mp4 */; };
		138E90DE1BABFB840017B77D /* google.jpeg in Resources */ = {isa = PBXBuildFile; fileRef = 138E90DD1BABFB840017B77D /* google.jpeg */; };
		138E90E01BAC053A0017B77D /* AssetsLibrary.framework in Frameworks */ = {isa = PBXBuildFile; fileRef = 138E90DF1BAC053A0017B77D /* AssetsLibrary.framework */; };
		138E90E21BAC054B0017B77D /* MobileCoreServices.framework in Frameworks */ = {isa = PBXBuildFile; fileRef = 138E90E11BAC054B0017B77D /* MobileCoreServices.framework */; };
		738BE1971BA7F236002AF162 /* main.m in Sources */ = {isa = PBXBuildFile; fileRef = 738BE1961BA7F236002AF162 /* main.m */; };
		738BE19A1BA7F236002AF162 /* AppDelegate.m in Sources */ = {isa = PBXBuildFile; fileRef = 738BE1991BA7F236002AF162 /* AppDelegate.m */; };
		738BE19D1BA7F236002AF162 /* TableViewDemo.xcdatamodeld in Sources */ = {isa = PBXBuildFile; fileRef = 738BE19B1BA7F236002AF162 /* TableViewDemo.xcdatamodeld */; };
		738BE1A31BA7F236002AF162 /* Main.storyboard in Resources */ = {isa = PBXBuildFile; fileRef = 738BE1A11BA7F236002AF162 /* Main.storyboard */; };
		738BE1A51BA7F236002AF162 /* Images.xcassets in Resources */ = {isa = PBXBuildFile; fileRef = 738BE1A41BA7F236002AF162 /* Images.xcassets */; };
		738BE1A81BA7F236002AF162 /* LaunchScreen.xib in Resources */ = {isa = PBXBuildFile; fileRef = 738BE1A61BA7F236002AF162 /* LaunchScreen.xib */; };
		738BE1B41BA7F236002AF162 /* TableViewDemoTests.m in Sources */ = {isa = PBXBuildFile; fileRef = 738BE1B31BA7F236002AF162 /* TableViewDemoTests.m */; };
		738BE1BF1BA7FABA002AF162 /* TableViewController.m in Sources */ = {isa = PBXBuildFile; fileRef = 738BE1BE1BA7FABA002AF162 /* TableViewController.m */; };
/* End PBXBuildFile section */

/* Begin PBXContainerItemProxy section */
		738BE1AE1BA7F236002AF162 /* PBXContainerItemProxy */ = {
			isa = PBXContainerItemProxy;
			containerPortal = 738BE1891BA7F236002AF162 /* Project object */;
			proxyType = 1;
			remoteGlobalIDString = 738BE1901BA7F236002AF162;
			remoteInfo = TableViewDemo;
		};
/* End PBXContainerItemProxy section */

/* Begin PBXFileReference section */
		1364B3691BA804B400616A1D /* DetailViewController.h */ = {isa = PBXFileReference; fileEncoding = 4; lastKnownFileType = sourcecode.c.h; path = DetailViewController.h; sourceTree = "<group>"; };
		1364B36A1BA804B400616A1D /* DetailViewController.m */ = {isa = PBXFileReference; fileEncoding = 4; lastKnownFileType = sourcecode.c.objc; path = DetailViewController.m; sourceTree = "<group>"; };
		1364B36C1BA8F81F00616A1D /* InsideOut.jpg */ = {isa = PBXFileReference; lastKnownFileType = image.jpeg; name = InsideOut.jpg; path = TableViewDemo/InsideOut.jpg; sourceTree = "<group>"; };
		1364B36D1BA8F81F00616A1D /* Juon.jpg */ = {isa = PBXFileReference; lastKnownFileType = image.jpeg; name = Juon.jpg; path = TableViewDemo/Juon.jpg; sourceTree = "<group>"; };
		1364B36E1BA8F81F00616A1D /* Vacation.jpg */ = {isa = PBXFileReference; lastKnownFileType = image.jpeg; name = Vacation.jpg; path = TableViewDemo/Vacation.jpg; sourceTree = "<group>"; };
		1364B3721BA96E6100616A1D /* Robot.mp4 */ = {isa = PBXFileReference; lastKnownFileType = file; name = Robot.mp4; path = TableViewDemo/Robot.mp4; sourceTree = "<group>"; };
		1364B3761BAA568200616A1D /* Ringtone.mp3 */ = {isa = PBXFileReference; lastKnownFileType = audio.mp3; name = Ringtone.mp3; path = TableViewDemo/Ringtone.mp3; sourceTree = "<group>"; };
		1364B3781BAA570100616A1D /* kim.mp4 */ = {isa = PBXFileReference; lastKnownFileType = file; path = kim.mp4; sourceTree = "<group>"; };
		138E90DD1BABFB840017B77D /* google.jpeg */ = {isa = PBXFileReference; lastKnownFileType = image.jpeg; name = google.jpeg; path = TableViewDemo/google.jpeg; sourceTree = "<group>"; };
		138E90DF1BAC053A0017B77D /* AssetsLibrary.framework */ = {isa = PBXFileReference; lastKnownFileType = wrapper.framework; name = AssetsLibrary.framework; path = System/Library/Frameworks/AssetsLibrary.framework; sourceTree = SDKROOT; };
		138E90E11BAC054B0017B77D /* MobileCoreServices.framework */ = {isa = PBXFileReference; lastKnownFileType = wrapper.framework; name = MobileCoreServices.framework; path = System/Library/Frameworks/MobileCoreServices.framework; sourceTree = SDKROOT; };
		738BE1911BA7F236002AF162 /* TableViewDemo.app */ = {isa = PBXFileReference; explicitFileType = wrapper.application; includeInIndex = 0; path = TableViewDemo.app; sourceTree = BUILT_PRODUCTS_DIR; };
		738BE1951BA7F236002AF162 /* Info.plist */ = {isa = PBXFileReference; lastKnownFileType = text.plist.xml; path = Info.plist; sourceTree = "<group>"; };
		738BE1961BA7F236002AF162 /* main.m */ = {isa = PBXFileReference; lastKnownFileType = sourcecode.c.objc; path = main.m; sourceTree = "<group>"; };
		738BE1981BA7F236002AF162 /* AppDelegate.h */ = {isa = PBXFileReference; lastKnownFileType = sourcecode.c.h; path = AppDelegate.h; sourceTree = "<group>"; };
		738BE1991BA7F236002AF162 /* AppDelegate.m */ = {isa = PBXFileReference; lastKnownFileType = sourcecode.c.objc; path = AppDelegate.m; sourceTree = "<group>"; };
		738BE19C1BA7F236002AF162 /* TableViewDemo.xcdatamodel */ = {isa = PBXFileReference; lastKnownFileType = wrapper.xcdatamodel; path = TableViewDemo.xcdatamodel; sourceTree = "<group>"; };
		738BE1A21BA7F236002AF162 /* Base */ = {isa = PBXFileReference; lastKnownFileType = file.storyboard; name = Base; path = Base.lproj/Main.storyboard; sourceTree = "<group>"; };
		738BE1A41BA7F236002AF162 /* Images.xcassets */ = {isa = PBXFileReference; lastKnownFileType = folder.assetcatalog; path = Images.xcassets; sourceTree = "<group>"; };
		738BE1A71BA7F236002AF162 /* Base */ = {isa = PBXFileReference; lastKnownFileType = file.xib; name = Base; path = Base.lproj/LaunchScreen.xib; sourceTree = "<group>"; };
		738BE1AD1BA7F236002AF162 /* TableViewDemoTests.xctest */ = {isa = PBXFileReference; explicitFileType = wrapper.cfbundle; includeInIndex = 0; path = TableViewDemoTests.xctest; sourceTree = BUILT_PRODUCTS_DIR; };
		738BE1B21BA7F236002AF162 /* Info.plist */ = {isa = PBXFileReference; lastKnownFileType = text.plist.xml; path = Info.plist; sourceTree = "<group>"; };
		738BE1B31BA7F236002AF162 /* TableViewDemoTests.m */ = {isa = PBXFileReference; lastKnownFileType = sourcecode.c.objc; path = TableViewDemoTests.m; sourceTree = "<group>"; };
		738BE1BD1BA7FABA002AF162 /* TableViewController.h */ = {isa = PBXFileReference; fileEncoding = 4; lastKnownFileType = sourcecode.c.h; path = TableViewController.h; sourceTree = "<group>"; };
		738BE1BE1BA7FABA002AF162 /* TableViewController.m */ = {isa = PBXFileReference; fileEncoding = 4; lastKnownFileType = sourcecode.c.objc; path = TableViewController.m; sourceTree = "<group>"; };
/* End PBXFileReference section */

/* Begin PBXFrameworksBuildPhase section */
		738BE18E1BA7F236002AF162 /* Frameworks */ = {
			isa = PBXFrameworksBuildPhase;
			buildActionMask = 2147483647;
			files = (
				138E90E21BAC054B0017B77D /* MobileCoreServices.framework in Frameworks */,
				138E90E01BAC053A0017B77D /* AssetsLibrary.framework in Frameworks */,
			);
			runOnlyForDeploymentPostprocessing = 0;
		};
		738BE1AA1BA7F236002AF162 /* Frameworks */ = {
			isa = PBXFrameworksBuildPhase;
			buildActionMask = 2147483647;
			files = (
			);
			runOnlyForDeploymentPostprocessing = 0;
		};
/* End PBXFrameworksBuildPhase section */

/* Begin PBXGroup section */
		738BE1881BA7F236002AF162 = {
			isa = PBXGroup;
			children = (
				138E90E11BAC054B0017B77D /* MobileCoreServices.framework */,
				138E90DF1BAC053A0017B77D /* AssetsLibrary.framework */,
				738BE1931BA7F236002AF162 /* TableViewDemo */,
				738BE1B01BA7F236002AF162 /* TableViewDemoTests */,
				738BE1921BA7F236002AF162 /* Products */,
				1364B36C1BA8F81F00616A1D /* InsideOut.jpg */,
				1364B36D1BA8F81F00616A1D /* Juon.jpg */,
				1364B36E1BA8F81F00616A1D /* Vacation.jpg */,
				1364B3721BA96E6100616A1D /* Robot.mp4 */,
				1364B3761BAA568200616A1D /* Ringtone.mp3 */,
				1364B3781BAA570100616A1D /* kim.mp4 */,
				138E90DD1BABFB840017B77D /* google.jpeg */,
			);
			sourceTree = "<group>";
		};
		738BE1921BA7F236002AF162 /* Products */ = {
			isa = PBXGroup;
			children = (
				738BE1911BA7F236002AF162 /* TableViewDemo.app */,
				738BE1AD1BA7F236002AF162 /* TableViewDemoTests.xctest */,
			);
			name = Products;
			sourceTree = "<group>";
		};
		738BE1931BA7F236002AF162 /* TableViewDemo */ = {
			isa = PBXGroup;
			children = (
				738BE1981BA7F236002AF162 /* AppDelegate.h */,
				738BE1991BA7F236002AF162 /* AppDelegate.m */,
				738BE1A11BA7F236002AF162 /* Main.storyboard */,
				1364B3691BA804B400616A1D /* DetailViewController.h */,
				1364B36A1BA804B400616A1D /* DetailViewController.m */,
				738BE1BD1BA7FABA002AF162 /* TableViewController.h */,
				738BE1BE1BA7FABA002AF162 /* TableViewController.m */,
				738BE1A41BA7F236002AF162 /* Images.xcassets */,
				738BE1A61BA7F236002AF162 /* LaunchScreen.xib */,
				738BE19B1BA7F236002AF162 /* TableViewDemo.xcdatamodeld */,
				738BE1941BA7F236002AF162 /* Supporting Files */,
			);
			path = TableViewDemo;
			sourceTree = "<group>";
		};
		738BE1941BA7F236002AF162 /* Supporting Files */ = {
			isa = PBXGroup;
			children = (
				738BE1951BA7F236002AF162 /* Info.plist */,
				738BE1961BA7F236002AF162 /* main.m */,
			);
			name = "Supporting Files";
			sourceTree = "<group>";
		};
		738BE1B01BA7F236002AF162 /* TableViewDemoTests */ = {
			isa = PBXGroup;
			children = (
				738BE1B31BA7F236002AF162 /* TableViewDemoTests.m */,
				738BE1B11BA7F236002AF162 /* Supporting Files */,
			);
			path = TableViewDemoTests;
			sourceTree = "<group>";
		};
		738BE1B11BA7F236002AF162 /* Supporting Files */ = {
			isa = PBXGroup;
			children = (
				738BE1B21BA7F236002AF162 /* Info.plist */,
			);
			name = "Supporting Files";
			sourceTree = "<group>";
		};
/* End PBXGroup section */

/* Begin PBXNativeTarget section */
		738BE1901BA7F236002AF162 /* TableViewDemo */ = {
			isa = PBXNativeTarget;
			buildConfigurationList = 738BE1B71BA7F236002AF162 /* Build configuration list for PBXNativeTarget "TableViewDemo" */;
			buildPhases = (
				738BE18D1BA7F236002AF162 /* Sources */,
				738BE18E1BA7F236002AF162 /* Frameworks */,
				738BE18F1BA7F236002AF162 /* Resources */,
			);
			buildRules = (
			);
			dependencies = (
			);
			name = TableViewDemo;
			productName = TableViewDemo;
			productReference = 738BE1911BA7F236002AF162 /* TableViewDemo.app */;
			productType = "com.apple.product-type.application";
		};
		738BE1AC1BA7F236002AF162 /* TableViewDemoTests */ = {
			isa = PBXNativeTarget;
			buildConfigurationList = 738BE1BA1BA7F236002AF162 /* Build configuration list for PBXNativeTarget "TableViewDemoTests" */;
			buildPhases = (
				738BE1A91BA7F236002AF162 /* Sources */,
				738BE1AA1BA7F236002AF162 /* Frameworks */,
				738BE1AB1BA7F236002AF162 /* Resources */,
			);
			buildRules = (
			);
			dependencies = (
				738BE1AF1BA7F236002AF162 /* PBXTargetDependency */,
			);
			name = TableViewDemoTests;
			productName = TableViewDemoTests;
			productReference = 738BE1AD1BA7F236002AF162 /* TableViewDemoTests.xctest */;
			productType = "com.apple.product-type.bundle.unit-test";
		};
/* End PBXNativeTarget section */

/* Begin PBXProject section */
		738BE1891BA7F236002AF162 /* Project object */ = {
			isa = PBXProject;
			attributes = {
				LastUpgradeCheck = 0640;
				ORGANIZATIONNAME = YaSheng;
				TargetAttributes = {
					738BE1901BA7F236002AF162 = {
						CreatedOnToolsVersion = 6.4;
						DevelopmentTeam = RGA7Z2648Q;
					};
					738BE1AC1BA7F236002AF162 = {
						CreatedOnToolsVersion = 6.4;
						TestTargetID = 738BE1901BA7F236002AF162;
					};
				};
			};
			buildConfigurationList = 738BE18C1BA7F236002AF162 /* Build configuration list for PBXProject "TableViewDemo" */;
			compatibilityVersion = "Xcode 3.2";
			developmentRegion = English;
			hasScannedForEncodings = 0;
			knownRegions = (
				en,
				Base,
			);
			mainGroup = 738BE1881BA7F236002AF162;
			productRefGroup = 738BE1921BA7F236002AF162 /* Products */;
			projectDirPath = "";
			projectRoot = "";
			targets = (
				738BE1901BA7F236002AF162 /* TableViewDemo */,
				738BE1AC1BA7F236002AF162 /* TableViewDemoTests */,
			);
		};
/* End PBXProject section */

/* Begin PBXResourcesBuildPhase section */
		738BE18F1BA7F236002AF162 /* Resources */ = {
			isa = PBXResourcesBuildPhase;
			buildActionMask = 2147483647;
			files = (
				138E90DE1BABFB840017B77D /* google.jpeg in Resources */,
				1364B3791BAA570100616A1D /* kim.mp4 in Resources */,
				1364B3771BAA568200616A1D /* Ringtone.mp3 in Resources */,
				1364B3731BA96E6100616A1D /* Robot.mp4 in Resources */,
				1364B36F1BA8F81F00616A1D /* InsideOut.jpg in Resources */,
				738BE1A31BA7F236002AF162 /* Main.storyboard in Resources */,
				1364B3701BA8F81F00616A1D /* Juon.jpg in Resources */,
				738BE1A81BA7F236002AF162 /* LaunchScreen.xib in Resources */,
				1364B3711BA8F81F00616A1D /* Vacation.jpg in Resources */,
				738BE1A51BA7F236002AF162 /* Images.xcassets in Resources */,
			);
			runOnlyForDeploymentPostprocessing = 0;
		};
		738BE1AB1BA7F236002AF162 /* Resources */ = {
			isa = PBXResourcesBuildPhase;
			buildActionMask = 2147483647;
			files = (
			);
			runOnlyForDeploymentPostprocessing = 0;
		};
/* End PBXResourcesBuildPhase section */

/* Begin PBXSourcesBuildPhase section */
		738BE18D1BA7F236002AF162 /* Sources */ = {
			isa = PBXSourcesBuildPhase;
			buildActionMask = 2147483647;
			files = (
				1364B36B1BA804B400616A1D /* DetailViewController.m in Sources */,
				738BE19A1BA7F236002AF162 /* AppDelegate.m in Sources */,
				738BE19D1BA7F236002AF162 /* TableViewDemo.xcdatamodeld in Sources */,
				738BE1BF1BA7FABA002AF162 /* TableViewController.m in Sources */,
				738BE1971BA7F236002AF162 /* main.m in Sources */,
			);
			runOnlyForDeploymentPostprocessing = 0;
		};
		738BE1A91BA7F236002AF162 /* Sources */ = {
			isa = PBXSourcesBuildPhase;
			buildActionMask = 2147483647;
			files = (
				738BE1B41BA7F236002AF162 /* TableViewDemoTests.m in Sources */,
			);
			runOnlyForDeploymentPostprocessing = 0;
		};
/* End PBXSourcesBuildPhase section */

/* Begin PBXTargetDependency section */
		738BE1AF1BA7F236002AF162 /* PBXTargetDependency */ = {
			isa = PBXTargetDependency;
			target = 738BE1901BA7F236002AF162 /* TableViewDemo */;
			targetProxy = 738BE1AE1BA7F236002AF162 /* PBXContainerItemProxy */;
		};
/* End PBXTargetDependency section */

/* Begin PBXVariantGroup section */
		738BE1A11BA7F236002AF162 /* Main.storyboard */ = {
			isa = PBXVariantGroup;
			children = (
				738BE1A21BA7F236002AF162 /* Base */,
			);
			name = Main.storyboard;
			sourceTree = "<group>";
		};
		738BE1A61BA7F236002AF162 /* LaunchScreen.xib */ = {
			isa = PBXVariantGroup;
			children = (
				738BE1A71BA7F236002AF162 /* Base */,
			);
			name = LaunchScreen.xib;
			sourceTree = "<group>";
		};
/* End PBXVariantGroup section */

/* Begin XCBuildConfiguration section */
		738BE1B51BA7F236002AF162 /* Debug */ = {
			isa = XCBuildConfiguration;
			buildSettings = {
				ALWAYS_SEARCH_USER_PATHS = NO;
				CLANG_CXX_LANGUAGE_STANDARD = "gnu++0x";
				CLANG_CXX_LIBRARY = "libc++";
				CLANG_ENABLE_MODULES = YES;
				CLANG_ENABLE_OBJC_ARC = YES;
				CLANG_WARN_BOOL_CONVERSION = YES;
				CLANG_WARN_CONSTANT_CONVERSION = YES;
				CLANG_WARN_DIRECT_OBJC_ISA_USAGE = YES_ERROR;
				CLANG_WARN_EMPTY_BODY = YES;
				CLANG_WARN_ENUM_CONVERSION = YES;
				CLANG_WARN_INT_CONVERSION = YES;
				CLANG_WARN_OBJC_ROOT_CLASS = YES_ERROR;
				CLANG_WARN_UNREACHABLE_CODE = YES;
				CLANG_WARN__DUPLICATE_METHOD_MATCH = YES;
				"CODE_SIGN_IDENTITY[sdk=iphoneos*]" = "iPhone Developer";
				COPY_PHASE_STRIP = NO;
				DEBUG_INFORMATION_FORMAT = "dwarf-with-dsym";
				ENABLE_STRICT_OBJC_MSGSEND = YES;
				GCC_C_LANGUAGE_STANDARD = gnu99;
				GCC_DYNAMIC_NO_PIC = NO;
				GCC_NO_COMMON_BLOCKS = YES;
				GCC_OPTIMIZATION_LEVEL = 0;
				GCC_PREPROCESSOR_DEFINITIONS = (
					"DEBUG=1",
					"$(inherited)",
				);
				GCC_SYMBOLS_PRIVATE_EXTERN = NO;
				GCC_WARN_64_TO_32_BIT_CONVERSION = YES;
				GCC_WARN_ABOUT_RETURN_TYPE = YES_ERROR;
				GCC_WARN_UNDECLARED_SELECTOR = YES;
				GCC_WARN_UNINITIALIZED_AUTOS = YES_AGGRESSIVE;
				GCC_WARN_UNUSED_FUNCTION = YES;
				GCC_WARN_UNUSED_VARIABLE = YES;
				IPHONEOS_DEPLOYMENT_TARGET = 8.0;
				MTL_ENABLE_DEBUG_INFO = YES;
				ONLY_ACTIVE_ARCH = YES;
				SDKROOT = iphoneos;
				TARGETED_DEVICE_FAMILY = "1,2";
			};
			name = Debug;
		};
		738BE1B61BA7F236002AF162 /* Release */ = {
			isa = XCBuildConfiguration;
			buildSettings = {
				ALWAYS_SEARCH_USER_PATHS = NO;
				CLANG_CXX_LANGUAGE_STANDARD = "gnu++0x";
				CLANG_CXX_LIBRARY = "libc++";
				CLANG_ENABLE_MODULES = YES;
				CLANG_ENABLE_OBJC_ARC = YES;
				CLANG_WARN_BOOL_CONVERSION = YES;
				CLANG_WARN_CONSTANT_CONVERSION = YES;
				CLANG_WARN_DIRECT_OBJC_ISA_USAGE = YES_ERROR;
				CLANG_WARN_EMPTY_BODY = YES;
				CLANG_WARN_ENUM_CONVERSION = YES;
				CLANG_WARN_INT_CONVERSION = YES;
				CLANG_WARN_OBJC_ROOT_CLASS = YES_ERROR;
				CLANG_WARN_UNREACHABLE_CODE = YES;
				CLANG_WARN__DUPLICATE_METHOD_MATCH = YES;
				"CODE_SIGN_IDENTITY[sdk=iphoneos*]" = "iPhone Developer";
				COPY_PHASE_STRIP = NO;
				DEBUG_INFORMATION_FORMAT = "dwarf-with-dsym";
				ENABLE_NS_ASSERTIONS = NO;
				ENABLE_STRICT_OBJC_MSGSEND = YES;
				GCC_C_LANGUAGE_STANDARD = gnu99;
				GCC_NO_COMMON_BLOCKS = YES;
				GCC_WARN_64_TO_32_BIT_CONVERSION = YES;
				GCC_WARN_ABOUT_RETURN_TYPE = YES_ERROR;
				GCC_WARN_UNDECLARED_SELECTOR = YES;
				GCC_WARN_UNINITIALIZED_AUTOS = YES_AGGRESSIVE;
				GCC_WARN_UNUSED_FUNCTION = YES;
				GCC_WARN_UNUSED_VARIABLE = YES;
				IPHONEOS_DEPLOYMENT_TARGET = 8.0;
				MTL_ENABLE_DEBUG_INFO = NO;
				SDKROOT = iphoneos;
				TARGETED_DEVICE_FAMILY = "1,2";
				VALIDATE_PRODUCT = YES;
			};
			name = Release;
		};
		738BE1B81BA7F236002AF162 /* Debug */ = {
			isa = XCBuildConfiguration;
			buildSettings = {
				ASSETCATALOG_COMPILER_APPICON_NAME = AppIcon;
				CODE_SIGN_IDENTITY = "iPhone Developer";
				INFOPLIST_FILE = TableViewDemo/Info.plist;
				IPHONEOS_DEPLOYMENT_TARGET = 8.0;
				LD_RUNPATH_SEARCH_PATHS = "$(inherited) @executable_path/Frameworks";
				PRODUCT_NAME = "$(TARGET_NAME)";
			};
			name = Debug;
		};
		738BE1B91BA7F236002AF162 /* Release */ = {
			isa = XCBuildConfiguration;
			buildSettings = {
				ASSETCATALOG_COMPILER_APPICON_NAME = AppIcon;
				CODE_SIGN_IDENTITY = "iPhone Developer";
				INFOPLIST_FILE = TableViewDemo/Info.plist;
				IPHONEOS_DEPLOYMENT_TARGET = 8.0;
				LD_RUNPATH_SEARCH_PATHS = "$(inherited) @executable_path/Frameworks";
				PRODUCT_NAME = "$(TARGET_NAME)";
			};
			name = Release;
		};
		738BE1BB1BA7F236002AF162 /* Debug */ = {
			isa = XCBuildConfiguration;
			buildSettings = {
				BUNDLE_LOADER = "$(TEST_HOST)";
				FRAMEWORK_SEARCH_PATHS = (
					"$(SDKROOT)/Developer/Library/Frameworks",
					"$(inherited)",
				);
				GCC_PREPROCESSOR_DEFINITIONS = (
					"DEBUG=1",
					"$(inherited)",
				);
				INFOPLIST_FILE = TableViewDemoTests/Info.plist;
				LD_RUNPATH_SEARCH_PATHS = "$(inherited) @executable_path/Frameworks @loader_path/Frameworks";
				PRODUCT_NAME = "$(TARGET_NAME)";
				TEST_HOST = "$(BUILT_PRODUCTS_DIR)/TableViewDemo.app/TableViewDemo";
			};
			name = Debug;
		};
		738BE1BC1BA7F236002AF162 /* Release */ = {
			isa = XCBuildConfiguration;
			buildSettings = {
				BUNDLE_LOADER = "$(TEST_HOST)";
				FRAMEWORK_SEARCH_PATHS = (
					"$(SDKROOT)/Developer/Library/Frameworks",
					"$(inherited)",
				);
				INFOPLIST_FILE = TableViewDemoTests/Info.plist;
				LD_RUNPATH_SEARCH_PATHS = "$(inherited) @executable_path/Frameworks @loader_path/Frameworks";
				PRODUCT_NAME = "$(TARGET_NAME)";
				TEST_HOST = "$(BUILT_PRODUCTS_DIR)/TableViewDemo.app/TableViewDemo";
			};
			name = Release;
		};
/* End XCBuildConfiguration section */

/* Begin XCConfigurationList section */
		738BE18C1BA7F236002AF162 /* Build configuration list for PBXProject "TableViewDemo" */ = {
			isa = XCConfigurationList;
			buildConfigurations = (
				738BE1B51BA7F236002AF162 /* Debug */,
				738BE1B61BA7F236002AF162 /* Release */,
			);
			defaultConfigurationIsVisible = 0;
			defaultConfigurationName = Release;
		};
		738BE1B71BA7F236002AF162 /* Build configuration list for PBXNativeTarget "TableViewDemo" */ = {
			isa = XCConfigurationList;
			buildConfigurations = (
				738BE1B81BA7F236002AF162 /* Debug */,
				738BE1B91BA7F236002AF162 /* Release */,
			);
			defaultConfigurationIsVisible = 0;
			defaultConfigurationName = Release;
		};
		738BE1BA1BA7F236002AF162 /* Build configuration list for PBXNativeTarget "TableViewDemoTests" */ = {
			isa = XCConfigurationList;
			buildConfigurations = (
				738BE1BB1BA7F236002AF162 /* Debug */,
				738BE1BC1BA7F236002AF162 /* Release */,
			);
			defaultConfigurationIsVisible = 0;
			defaultConfigurationName = Release;
		};
/* End XCConfigurationList section */

/* Begin XCVersionGroup section */
		738BE19B1BA7F236002AF162 /* TableViewDemo.xcdatamodeld */ = {
			isa = XCVersionGroup;
			children = (
				738BE19C1BA7F236002AF162 /* TableViewDemo.xcdatamodel */,
			);
			currentVersion = 738BE19C1BA7F236002AF162 /* TableViewDemo.xcdatamodel */;
			path = TableViewDemo.xcdatamodeld;
			sourceTree = "<group>";
			versionGroupType = wrapper.xcdatamodel;
		};
/* End XCVersionGroup section */
	};
	rootObject = 738BE1891BA7F236002AF162 /* Project object */;
}
